{
  "originHash" : "a1befdd0a22a7f9e5abfcc9dd75dfcfbe6ff6ff0287ab34e36acab2ff711ff69",
  "pins" : [
    {
      "identity" : "capacitor-swift-pm",
      "kind" : "remoteSourceControl",
      "location" : "https://github.com/ionic-team/capacitor-swift-pm.git",
      "state" : {
        "revision" : "13a39179b3df796f3bb2e70c47ccdd92593f34d2",
        "version" : "8.0.2"
      }
    },
    {
      "identity" : "purchases-ios-spm",
      "kind" : "remoteSourceControl",
      "location" : "https://github.com/RevenueCat/purchases-ios-spm.git",
      "state" : {
        "revision" : "828a464d12ff8fe4f633ef1b0116e76fd2a1e462",
        "version" : "5.59.2"
      }
    }
  ],
  "version" : 3
}
